
Microsoft Visual Studio Solution File, Format Version 12.00
# Visual Studio Version 17
VisualStudioVersion = 17.0.31903.59
MinimumVisualStudioVersion = 10.0.40219.1
Project("{2150E333-8FDC-42A3-9474-1A3956D46DE8}") = "src", "src", "{AF64DB1A-5248-4171-B139-3FEBD61C206C}"
EndProject
Project("{FAE04EC0-301F-11D3-BF4B-00C04F79EFBC}") = "Basionix.BaseEntities", "src\Basionix.BaseEntities\Basionix.BaseEntities.csproj", "{5A6C3481-C4F5-443E-ABF9-D5F73BC7E56C}"
EndProject
Global
	GlobalSection(SolutionConfigurationPlatforms) = preSolution
		Debug|Any CPU = Debug|Any CPU
		Release|Any CPU = Release|Any CPU
	EndGlobalSection
	GlobalSection(SolutionProperties) = preSolution
		HideSolutionNode = FALSE
	EndGlobalSection
	GlobalSection(ProjectConfigurationPlatforms) = postSolution
		{5A6C3481-C4F5-443E-ABF9-D5F73BC7E56C}.Debug|Any CPU.ActiveCfg = Debug|Any CPU
		{5A6C3481-C4F5-443E-ABF9-D5F73BC7E56C}.Debug|Any CPU.Build.0 = Debug|Any CPU
		{5A6C3481-C4F5-443E-ABF9-D5F73BC7E56C}.Release|Any CPU.ActiveCfg = Release|Any CPU
		{5A6C3481-C4F5-443E-ABF9-D5F73BC7E56C}.Release|Any CPU.Build.0 = Release|Any CPU
	EndGlobalSection
	GlobalSection(NestedProjects) = preSolution
		{5A6C3481-C4F5-443E-ABF9-D5F73BC7E56C} = {AF64DB1A-5248-4171-B139-3FEBD61C206C}
	EndGlobalSection
EndGlobal
